
Microsoft Visual Studio Solution File, Format Version 12.00
# Visual Studio Version 17
VisualStudioVersion = 17.14.37027.9 d17.14
MinimumVisualStudioVersion = 10.0.40219.1
Project("{FAE04EC0-301F-11D3-BF4B-00C04F79EFBC}") = "DotNetLab3", "DotNetLab3\DotNetLab3.csproj", "{B851E24F-8549-4D24-9A96-BCB8BE4A5DF4}"
EndProject
Global
	GlobalSection(SolutionConfigurationPlatforms) = preSolution
		Debug|Any CPU = Debug|Any CPU
		Release|Any CPU = Release|Any CPU
	EndGlobalSection
	GlobalSection(ProjectConfigurationPlatforms) = postSolution
		{B851E24F-8549-4D24-9A96-BCB8BE4A5DF4}.Debug|Any CPU.ActiveCfg = Debug|Any CPU
		{B851E24F-8549-4D24-9A96-BCB8BE4A5DF4}.Debug|Any CPU.Build.0 = Debug|Any CPU
		{B851E24F-8549-4D24-9A96-BCB8BE4A5DF4}.Release|Any CPU.ActiveCfg = Release|Any CPU
		{B851E24F-8549-4D24-9A96-BCB8BE4A5DF4}.Release|Any CPU.Build.0 = Release|Any CPU
	EndGlobalSection
	GlobalSection(SolutionProperties) = preSolution
		HideSolutionNode = FALSE
	EndGlobalSection
	GlobalSection(ExtensibilityGlobals) = postSolution
		SolutionGuid = {5BAF9E55-3416-4AC7-A5D1-D8CBCC7F3FC7}
	EndGlobalSection
EndGlobal
